github.com/solsw/errorhelper v0.11.0 h1:vUMPnwRzij6j2AHeK8lwkAamAa6cDT9RdvtBNaeNnfM=
github.com/solsw/errorhelper v0.11.0/go.mod h1:rsxxWX8EqvtjqNYCT3rEyYLLP1fujqYmv6u3QA4+sWo=
github.com/solsw/runtimehelper v0.5.0 h1:KjuoMmw+IY1nDiGReYDCLPOjcLawhStlsnb8jjcV470=
github.com/solsw/runtimehelper v0.5.0/go.mod h1:AAn7+oAjveT8cJ6HO41IPbK9dEJoo8Fd265haZ3/KpY=
